
Microsoft Visual Studio Solution File, Format Version 12.00
# Visual Studio Version 16
VisualStudioVersion = 16.0.29209.62
MinimumVisualStudioVersion = 10.0.40219.1
Project("{FAE04EC0-301F-11D3-BF4B-00C04F79EFBC}") = "EventPlaner", "EventPlaner.csproj", "{EADB8872-AEC4-490A-91AD-2AC61A9EAF7E}"
EndProject
Global
	GlobalSection(SolutionConfigurationPlatforms) = preSolution
		Debug|Any CPU = Debug|Any CPU
		Release|Any CPU = Release|Any CPU
	EndGlobalSection
	GlobalSection(ProjectConfigurationPlatforms) = postSolution
		{EADB8872-AEC4-490A-91AD-2AC61A9EAF7E}.Debug|Any CPU.ActiveCfg = Debug|Any CPU
		{EADB8872-AEC4-490A-91AD-2AC61A9EAF7E}.Debug|Any CPU.Build.0 = Debug|Any CPU
		{EADB8872-AEC4-490A-91AD-2AC61A9EAF7E}.Release|Any CPU.ActiveCfg = Release|Any CPU
		{EADB8872-AEC4-490A-91AD-2AC61A9EAF7E}.Release|Any CPU.Build.0 = Release|Any CPU
	EndGlobalSection
	GlobalSection(SolutionProperties) = preSolution
		HideSolutionNode = FALSE
	EndGlobalSection
	GlobalSection(ExtensibilityGlobals) = postSolution
		SolutionGuid = {BC733BBD-D3B0-40E2-9AB1-CBFD7B814655}
	EndGlobalSection
EndGlobal
